
Microsoft Visual Studio Solution File, Format Version 9.00
# Visual Studio 2005
Project("{8BC9CEB8-8B4A-11D0-8D11-00A0C91BC942}") = "STILLpatcher", "STILLpatcher\STILLpatcher.vcproj", "{C96E9EB0-9473-42FE-AE4A-58811D2185B8}"
EndProject
Project("{8BC9CEB8-8B4A-11D0-8D11-00A0C91BC942}") = "jpeglib", "jpeglib\jpeglib.vcproj", "{4A72E197-542A-4A50-B977-6C3460AF88A1}"
EndProject
Project("{8BC9CEB8-8B4A-11D0-8D11-00A0C91BC942}") = "mjpeglib", "mjpeglib\mjpeglib.vcproj", "{4C7CB9FB-EAF9-4954-9E23-7548B93DD78F}"
EndProject
Project("{8BC9CEB8-8B4A-11D0-8D11-00A0C91BC942}") = "mjpgTools", "mjpgTools.vcproj", "{B1CFD125-5497-47B6-B99C-2E76E4048502}"
	ProjectSection(ProjectDependencies) = postProject
		{C96E9EB0-9473-42FE-AE4A-58811D2185B8} = {C96E9EB0-9473-42FE-AE4A-58811D2185B8}
		{E2BE3521-354D-46D8-84A9-067AC7BDAE84} = {E2BE3521-354D-46D8-84A9-067AC7BDAE84}
		{47015D3D-63A4-4112-B8D7-3DB1FC36821F} = {47015D3D-63A4-4112-B8D7-3DB1FC36821F}
		{4C7CB9FB-EAF9-4954-9E23-7548B93DD78F} = {4C7CB9FB-EAF9-4954-9E23-7548B93DD78F}
		{D99E624A-30A2-49AA-B445-D14A61E8317B} = {D99E624A-30A2-49AA-B445-D14A61E8317B}
		{4A72E197-542A-4A50-B977-6C3460AF88A1} = {4A72E197-542A-4A50-B977-6C3460AF88A1}
	EndProjectSection
EndProject
Project("{8BC9CEB8-8B4A-11D0-8D11-00A0C91BC942}") = "mpg2enc", "mpg2enc\mpg2enc.vcproj", "{47015D3D-63A4-4112-B8D7-3DB1FC36821F}"
EndProject
Project("{8BC9CEB8-8B4A-11D0-8D11-00A0C91BC942}") = "mplex", "mplex\mplex.vcproj", "{E2BE3521-354D-46D8-84A9-067AC7BDAE84}"
EndProject
Project("{8BC9CEB8-8B4A-11D0-8D11-00A0C91BC942}") = "testApp", "testApp\testApp.vcproj", "{C6EA363D-FAE1-48CF-B89B-B5A92AE021A9}"
EndProject
Project("{8BC9CEB8-8B4A-11D0-8D11-00A0C91BC942}") = "tools", "tools\tools.vcproj", "{D99E624A-30A2-49AA-B445-D14A61E8317B}"
EndProject
Global
	GlobalSection(SolutionConfigurationPlatforms) = preSolution
		Debug|Win32 = Debug|Win32
		Release|Win32 = Release|Win32
	EndGlobalSection
	GlobalSection(ProjectConfigurationPlatforms) = postSolution
		{C96E9EB0-9473-42FE-AE4A-58811D2185B8}.Debug|Win32.ActiveCfg = Debug|Win32
		{C96E9EB0-9473-42FE-AE4A-58811D2185B8}.Debug|Win32.Build.0 = Debug|Win32
		{C96E9EB0-9473-42FE-AE4A-58811D2185B8}.Release|Win32.ActiveCfg = Release|Win32
		{C96E9EB0-9473-42FE-AE4A-58811D2185B8}.Release|Win32.Build.0 = Release|Win32
		{4A72E197-542A-4A50-B977-6C3460AF88A1}.Debug|Win32.ActiveCfg = Debug|Win32
		{4A72E197-542A-4A50-B977-6C3460AF88A1}.Debug|Win32.Build.0 = Debug|Win32
		{4A72E197-542A-4A50-B977-6C3460AF88A1}.Release|Win32.ActiveCfg = Release|Win32
		{4A72E197-542A-4A50-B977-6C3460AF88A1}.Release|Win32.Build.0 = Release|Win32
		{4C7CB9FB-EAF9-4954-9E23-7548B93DD78F}.Debug|Win32.ActiveCfg = Debug|Win32
		{4C7CB9FB-EAF9-4954-9E23-7548B93DD78F}.Debug|Win32.Build.0 = Debug|Win32
		{4C7CB9FB-EAF9-4954-9E23-7548B93DD78F}.Release|Win32.ActiveCfg = Release|Win32
		{4C7CB9FB-EAF9-4954-9E23-7548B93DD78F}.Release|Win32.Build.0 = Release|Win32
		{B1CFD125-5497-47B6-B99C-2E76E4048502}.Debug|Win32.ActiveCfg = Debug|Win32
		{B1CFD125-5497-47B6-B99C-2E76E4048502}.Debug|Win32.Build.0 = Debug|Win32
		{B1CFD125-5497-47B6-B99C-2E76E4048502}.Release|Win32.ActiveCfg = Release|Win32
		{B1CFD125-5497-47B6-B99C-2E76E4048502}.Release|Win32.Build.0 = Release|Win32
		{47015D3D-63A4-4112-B8D7-3DB1FC36821F}.Debug|Win32.ActiveCfg = Debug|Win32
		{47015D3D-63A4-4112-B8D7-3DB1FC36821F}.Debug|Win32.Build.0 = Debug|Win32
		{47015D3D-63A4-4112-B8D7-3DB1FC36821F}.Release|Win32.ActiveCfg = Release|Win32
		{47015D3D-63A4-4112-B8D7-3DB1FC36821F}.Release|Win32.Build.0 = Release|Win32
		{E2BE3521-354D-46D8-84A9-067AC7BDAE84}.Debug|Win32.ActiveCfg = Debug|Win32
		{E2BE3521-354D-46D8-84A9-067AC7BDAE84}.Debug|Win32.Build.0 = Debug|Win32
		{E2BE3521-354D-46D8-84A9-067AC7BDAE84}.Release|Win32.ActiveCfg = Release|Win32
		{E2BE3521-354D-46D8-84A9-067AC7BDAE84}.Release|Win32.Build.0 = Release|Win32
		{C6EA363D-FAE1-48CF-B89B-B5A92AE021A9}.Debug|Win32.ActiveCfg = Debug|Win32
		{C6EA363D-FAE1-48CF-B89B-B5A92AE021A9}.Debug|Win32.Build.0 = Debug|Win32
		{C6EA363D-FAE1-48CF-B89B-B5A92AE021A9}.Release|Win32.ActiveCfg = Release|Win32
		{C6EA363D-FAE1-48CF-B89B-B5A92AE021A9}.Release|Win32.Build.0 = Release|Win32
		{D99E624A-30A2-49AA-B445-D14A61E8317B}.Debug|Win32.ActiveCfg = Debug|Win32
		{D99E624A-30A2-49AA-B445-D14A61E8317B}.Debug|Win32.Build.0 = Debug|Win32
		{D99E624A-30A2-49AA-B445-D14A61E8317B}.Release|Win32.ActiveCfg = Release|Win32
		{D99E624A-30A2-49AA-B445-D14A61E8317B}.Release|Win32.Build.0 = Release|Win32
	EndGlobalSection
	GlobalSection(SolutionProperties) = preSolution
		HideSolutionNode = FALSE
	EndGlobalSection
EndGlobal
